
Microsoft Visual Studio Solution File, Format Version 12.00
# Visual Studio 2012
Project("{FAE04EC0-301F-11D3-BF4B-00C04F79EFBC}") = "Clony_Exemplo", "Clony_Exemplo\Clony_Exemplo.csproj", "{C27EF4A9-B4D3-4631-A9EE-80928BFB8450}"
EndProject
Global
	GlobalSection(SolutionConfigurationPlatforms) = preSolution
		Debug|Any CPU = Debug|Any CPU
		Release|Any CPU = Release|Any CPU
	EndGlobalSection
	GlobalSection(ProjectConfigurationPlatforms) = postSolution
		{C27EF4A9-B4D3-4631-A9EE-80928BFB8450}.Debug|Any CPU.ActiveCfg = Debug|Any CPU
		{C27EF4A9-B4D3-4631-A9EE-80928BFB8450}.Debug|Any CPU.Build.0 = Debug|Any CPU
		{C27EF4A9-B4D3-4631-A9EE-80928BFB8450}.Release|Any CPU.ActiveCfg = Release|Any CPU
		{C27EF4A9-B4D3-4631-A9EE-80928BFB8450}.Release|Any CPU.Build.0 = Release|Any CPU
	EndGlobalSection
	GlobalSection(SolutionProperties) = preSolution
		HideSolutionNode = FALSE
	EndGlobalSection
EndGlobal
